// !$*UTF8*$!
{
	archiveVersion = 1;
	classes = {
	};
	objectVersion = 51;
	objects = {

/* Begin PBXBuildFile section */
		0001D077CDA47F164ECC93F1 /* Pods_MusicSearchTests.framework in Frameworks */ = {isa = PBXBuildFile; fileRef = 8A73C0D920AE6A53A5897EB6 /* Pods_MusicSearchTests.framework */; };
		4CEDCD97562F15544AE4652D /* Pods_MusicSearch.framework in Frameworks */ = {isa = PBXBuildFile; fileRef = A571B4AEB01D5508E47AB77E /* Pods_MusicSearch.framework */; };
		580E586824E8BF640040826C /* Configuration.swift in Sources */ = {isa = PBXBuildFile; fileRef = 580E586724E8BF640040826C /* Configuration.swift */; };
		580E586B24E8C8960040826C /* RequestBuilder.swift in Sources */ = {isa = PBXBuildFile; fileRef = 580E586A24E8C8960040826C /* RequestBuilder.swift */; };
		580E586D24E8E0800040826C /* MasterViewController.swift in Sources */ = {isa = PBXBuildFile; fileRef = 580E586C24E8E0800040826C /* MasterViewController.swift */; };
		580E586F24E9432A0040826C /* TopTrack.swift in Sources */ = {isa = PBXBuildFile; fileRef = 580E586E24E9432A0040826C /* TopTrack.swift */; };
		580E587124E944340040826C /* Attr.swift in Sources */ = {isa = PBXBuildFile; fileRef = 580E587024E944340040826C /* Attr.swift */; };
		580E587824E9740A0040826C /* TrackSearchCell.swift in Sources */ = {isa = PBXBuildFile; fileRef = 580E587724E9740A0040826C /* TrackSearchCell.swift */; };
		580E587B24E97EF90040826C /* TrackSearchCellModel.swift in Sources */ = {isa = PBXBuildFile; fileRef = 580E587A24E97EF90040826C /* TrackSearchCellModel.swift */; };
		580E587D24E9892F0040826C /* TrackSearchViewModel.swift in Sources */ = {isa = PBXBuildFile; fileRef = 580E587C24E9892F0040826C /* TrackSearchViewModel.swift */; };
		580E587F24E9CEEB0040826C /* TrackDetailsViewController.swift in Sources */ = {isa = PBXBuildFile; fileRef = 580E587E24E9CEEB0040826C /* TrackDetailsViewController.swift */; };
		580E588124EA15A00040826C /* Constants.swift in Sources */ = {isa = PBXBuildFile; fileRef = 580E588024EA159F0040826C /* Constants.swift */; };
		580E588424EA28AA0040826C /* Utility.swift in Sources */ = {isa = PBXBuildFile; fileRef = 580E588324EA28AA0040826C /* Utility.swift */; };
		58133E2B24E8353C00B1A324 /* AppDelegate.swift in Sources */ = {isa = PBXBuildFile; fileRef = 58133E2A24E8353C00B1A324 /* AppDelegate.swift */; };
		58133E2D24E8353C00B1A324 /* SceneDelegate.swift in Sources */ = {isa = PBXBuildFile; fileRef = 58133E2C24E8353C00B1A324 /* SceneDelegate.swift */; };
		58133E3224E8353C00B1A324 /* Main.storyboard in Resources */ = {isa = PBXBuildFile; fileRef = 58133E3024E8353C00B1A324 /* Main.storyboard */; };
		58133E3424E8354400B1A324 /* Assets.xcassets in Resources */ = {isa = PBXBuildFile; fileRef = 58133E3324E8354400B1A324 /* Assets.xcassets */; };
		58133E3724E8354400B1A324 /* LaunchScreen.storyboard in Resources */ = {isa = PBXBuildFile; fileRef = 58133E3524E8354400B1A324 /* LaunchScreen.storyboard */; };
		58133E4224E8354500B1A324 /* MusicSearchTests.swift in Sources */ = {isa = PBXBuildFile; fileRef = 58133E4124E8354500B1A324 /* MusicSearchTests.swift */; };
		58133E4D24E8354500B1A324 /* MusicSearchUITests.swift in Sources */ = {isa = PBXBuildFile; fileRef = 58133E4C24E8354500B1A324 /* MusicSearchUITests.swift */; };
		58133E5E24E87EF800B1A324 /* RequestManager.swift in Sources */ = {isa = PBXBuildFile; fileRef = 58133E5B24E87EF800B1A324 /* RequestManager.swift */; };
		58133E5F24E87EF800B1A324 /* RequestPerformer.swift in Sources */ = {isa = PBXBuildFile; fileRef = 58133E5C24E87EF800B1A324 /* RequestPerformer.swift */; };
		58133E6024E87EF800B1A324 /* RequestEndPoint.swift in Sources */ = {isa = PBXBuildFile; fileRef = 58133E5D24E87EF800B1A324 /* RequestEndPoint.swift */; };
		58714AF824EB25CC00299BC4 /* TopTrack+Extensions.swift in Sources */ = {isa = PBXBuildFile; fileRef = 58714AF724EB25CC00299BC4 /* TopTrack+Extensions.swift */; };
		58714AFE24EB3B2300299BC4 /* TopTrackMock.swift in Sources */ = {isa = PBXBuildFile; fileRef = 58714AFA24EB304400299BC4 /* TopTrackMock.swift */; };
		58714AFF24EB3B2800299BC4 /* AttrMock.swift in Sources */ = {isa = PBXBuildFile; fileRef = 58714AFC24EB30EC00299BC4 /* AttrMock.swift */; };
		79AD7DEC2D42040D2F21C4A1 /* Pods_MusicSearch_MusicSearchUITests.framework in Frameworks */ = {isa = PBXBuildFile; fileRef = 642EE82629FABE16BF631583 /* Pods_MusicSearch_MusicSearchUITests.framework */; };
/* End PBXBuildFile section */

/* Begin PBXContainerItemProxy section */
		58133E3E24E8354500B1A324 /* PBXContainerItemProxy */ = {
			isa = PBXContainerItemProxy;
			containerPortal = 58133E1F24E8353C00B1A324 /* Project object */;
			proxyType = 1;
			remoteGlobalIDString = 58133E2624E8353C00B1A324;
			remoteInfo = MusicSearch;
		};
		58133E4924E8354500B1A324 /* PBXContainerItemProxy */ = {
			isa = PBXContainerItemProxy;
			containerPortal = 58133E1F24E8353C00B1A324 /* Project object */;
			proxyType = 1;
			remoteGlobalIDString = 58133E2624E8353C00B1A324;
			remoteInfo = MusicSearch;
		};
/* End PBXContainerItemProxy section */

/* Begin PBXFileReference section */
		05E1F291A7A12CA7A91E26AB /* Pods-MusicSearch.release.xcconfig */ = {isa = PBXFileReference; includeInIndex = 1; lastKnownFileType = text.xcconfig; name = "Pods-MusicSearch.release.xcconfig"; path = "Target Support Files/Pods-MusicSearch/Pods-MusicSearch.release.xcconfig"; sourceTree = "<group>"; };
		171D9DAB9DDEE348A4258E92 /* Pods-MusicSearch-MusicSearchUITests.debug.xcconfig */ = {isa = PBXFileReference; includeInIndex = 1; lastKnownFileType = text.xcconfig; name = "Pods-MusicSearch-MusicSearchUITests.debug.xcconfig"; path = "Target Support Files/Pods-MusicSearch-MusicSearchUITests/Pods-MusicSearch-MusicSearchUITests.debug.xcconfig"; sourceTree = "<group>"; };
		580E586724E8BF640040826C /* Configuration.swift */ = {isa = PBXFileReference; lastKnownFileType = sourcecode.swift; path = Configuration.swift; sourceTree = "<group>"; };
		580E586A24E8C8960040826C /* RequestBuilder.swift */ = {isa = PBXFileReference; lastKnownFileType = sourcecode.swift; path = RequestBuilder.swift; sourceTree = "<group>"; };
		580E586C24E8E0800040826C /* MasterViewController.swift */ = {isa = PBXFileReference; lastKnownFileType = sourcecode.swift; path = MasterViewController.swift; sourceTree = "<group>"; };
		580E586E24E9432A0040826C /* TopTrack.swift */ = {isa = PBXFileReference; lastKnownFileType = sourcecode.swift; path = TopTrack.swift; sourceTree = "<group>"; };
		580E587024E944340040826C /* Attr.swift */ = {isa = PBXFileReference; lastKnownFileType = sourcecode.swift; path = Attr.swift; sourceTree = "<group>"; };
		580E587724E9740A0040826C /* TrackSearchCell.swift */ = {isa = PBXFileReference; lastKnownFileType = sourcecode.swift; path = TrackSearchCell.swift; sourceTree = "<group>"; };
		580E587A24E97EF90040826C /* TrackSearchCellModel.swift */ = {isa = PBXFileReference; lastKnownFileType = sourcecode.swift; path = TrackSearchCellModel.swift; sourceTree = "<group>"; };
		580E587C24E9892F0040826C /* TrackSearchViewModel.swift */ = {isa = PBXFileReference; lastKnownFileType = sourcecode.swift; path = TrackSearchViewModel.swift; sourceTree = "<group>"; };
		580E587E24E9CEEB0040826C /* TrackDetailsViewController.swift */ = {isa = PBXFileReference; lastKnownFileType = sourcecode.swift; path = TrackDetailsViewController.swift; sourceTree = "<group>"; };
		580E588024EA159F0040826C /* Constants.swift */ = {isa = PBXFileReference; lastKnownFileType = sourcecode.swift; path = Constants.swift; sourceTree = "<group>"; };
		580E588324EA28AA0040826C /* Utility.swift */ = {isa = PBXFileReference; lastKnownFileType = sourcecode.swift; path = Utility.swift; sourceTree = "<group>"; };
		58133E2724E8353C00B1A324 /* MusicSearch.app */ = {isa = PBXFileReference; explicitFileType = wrapper.application; includeInIndex = 0; path = MusicSearch.app; sourceTree = BUILT_PRODUCTS_DIR; };
		58133E2A24E8353C00B1A324 /* AppDelegate.swift */ = {isa = PBXFileReference; lastKnownFileType = sourcecode.swift; path = AppDelegate.swift; sourceTree = "<group>"; };
		58133E2C24E8353C00B1A324 /* SceneDelegate.swift */ = {isa = PBXFileReference; lastKnownFileType = sourcecode.swift; path = SceneDelegate.swift; sourceTree = "<group>"; };
		58133E3124E8353C00B1A324 /* Base */ = {isa = PBXFileReference; lastKnownFileType = file.storyboard; name = Base; path = Base.lproj/Main.storyboard; sourceTree = "<group>"; };
		58133E3324E8354400B1A324 /* Assets.xcassets */ = {isa = PBXFileReference; lastKnownFileType = folder.assetcatalog; path = Assets.xcassets; sourceTree = "<group>"; };
		58133E3624E8354400B1A324 /* Base */ = {isa = PBXFileReference; lastKnownFileType = file.storyboard; name = Base; path = Base.lproj/LaunchScreen.storyboard; sourceTree = "<group>"; };
		58133E3824E8354400B1A324 /* Info.plist */ = {isa = PBXFileReference; lastKnownFileType = text.plist.xml; path = Info.plist; sourceTree = "<group>"; };
		58133E3D24E8354500B1A324 /* MusicSearchTests.xctest */ = {isa = PBXFileReference; explicitFileType = wrapper.cfbundle; includeInIndex = 0; path = MusicSearchTests.xctest; sourceTree = BUILT_PRODUCTS_DIR; };
		58133E4124E8354500B1A324 /* MusicSearchTests.swift */ = {isa = PBXFileReference; lastKnownFileType = sourcecode.swift; path = MusicSearchTests.swift; sourceTree = "<group>"; };
		58133E4324E8354500B1A324 /* Info.plist */ = {isa = PBXFileReference; lastKnownFileType = text.plist.xml; path = Info.plist; sourceTree = "<group>"; };
		58133E4824E8354500B1A324 /* MusicSearchUITests.xctest */ = {isa = PBXFileReference; explicitFileType = wrapper.cfbundle; includeInIndex = 0; path = MusicSearchUITests.xctest; sourceTree = BUILT_PRODUCTS_DIR; };
		58133E4C24E8354500B1A324 /* MusicSearchUITests.swift */ = {isa = PBXFileReference; lastKnownFileType = sourcecode.swift; path = MusicSearchUITests.swift; sourceTree = "<group>"; };
		58133E4E24E8354500B1A324 /* Info.plist */ = {isa = PBXFileReference; lastKnownFileType = text.plist.xml; path = Info.plist; sourceTree = "<group>"; };
		58133E5B24E87EF800B1A324 /* RequestManager.swift */ = {isa = PBXFileReference; fileEncoding = 4; lastKnownFileType = sourcecode.swift; path = RequestManager.swift; sourceTree = "<group>"; };
		58133E5C24E87EF800B1A324 /* RequestPerformer.swift */ = {isa = PBXFileReference; fileEncoding = 4; lastKnownFileType = sourcecode.swift; path = RequestPerformer.swift; sourceTree = "<group>"; };
		58133E5D24E87EF800B1A324 /* RequestEndPoint.swift */ = {isa = PBXFileReference; fileEncoding = 4; lastKnownFileType = sourcecode.swift; path = RequestEndPoint.swift; sourceTree = "<group>"; };
		58714AF724EB25CC00299BC4 /* TopTrack+Extensions.swift */ = {isa = PBXFileReference; lastKnownFileType = sourcecode.swift; path = "TopTrack+Extensions.swift"; sourceTree = "<group>"; };
		58714AFA24EB304400299BC4 /* TopTrackMock.swift */ = {isa = PBXFileReference; lastKnownFileType = sourcecode.swift; path = TopTrackMock.swift; sourceTree = "<group>"; };
		58714AFC24EB30EC00299BC4 /* AttrMock.swift */ = {isa = PBXFileReference; lastKnownFileType = sourcecode.swift; path = AttrMock.swift; sourceTree = "<group>"; };
		62EB5D7C7DCFC129EC75100E /* Pods-MusicSearch.debug.xcconfig */ = {isa = PBXFileReference; includeInIndex = 1; lastKnownFileType = text.xcconfig; name = "Pods-MusicSearch.debug.xcconfig"; path = "Target Support Files/Pods-MusicSearch/Pods-MusicSearch.debug.xcconfig"; sourceTree = "<group>"; };
		642EE82629FABE16BF631583 /* Pods_MusicSearch_MusicSearchUITests.framework */ = {isa = PBXFileReference; explicitFileType = wrapper.framework; includeInIndex = 0; path = Pods_MusicSearch_MusicSearchUITests.framework; sourceTree = BUILT_PRODUCTS_DIR; };
		6CBAD89701C8BD4468F36C24 /* Pods-MusicSearchTests.debug.xcconfig */ = {isa = PBXFileReference; includeInIndex = 1; lastKnownFileType = text.xcconfig; name = "Pods-MusicSearchTests.debug.xcconfig"; path = "Target Support Files/Pods-MusicSearchTests/Pods-MusicSearchTests.debug.xcconfig"; sourceTree = "<group>"; };
		87EE23F2F6D5886E278FBED7 /* Pods-MusicSearchTests.release.xcconfig */ = {isa = PBXFileReference; includeInIndex = 1; lastKnownFileType = text.xcconfig; name = "Pods-MusicSearchTests.release.xcconfig"; path = "Target Support Files/Pods-MusicSearchTests/Pods-MusicSearchTests.release.xcconfig"; sourceTree = "<group>"; };
		8A73C0D920AE6A53A5897EB6 /* Pods_MusicSearchTests.framework */ = {isa = PBXFileReference; explicitFileType = wrapper.framework; includeInIndex = 0; path = Pods_MusicSearchTests.framework; sourceTree = BUILT_PRODUCTS_DIR; };
		A571B4AEB01D5508E47AB77E /* Pods_MusicSearch.framework */ = {isa = PBXFileReference; explicitFileType = wrapper.framework; includeInIndex = 0; path = Pods_MusicSearch.framework; sourceTree = BUILT_PRODUCTS_DIR; };
		C1BC8AD7E1C268EB081E7142 /* Pods-MusicSearch-MusicSearchUITests.release.xcconfig */ = {isa = PBXFileReference; includeInIndex = 1; lastKnownFileType = text.xcconfig; name = "Pods-MusicSearch-MusicSearchUITests.release.xcconfig"; path = "Target Support Files/Pods-MusicSearch-MusicSearchUITests/Pods-MusicSearch-MusicSearchUITests.release.xcconfig"; sourceTree = "<group>"; };
/* End PBXFileReference section */

/* Begin PBXFrameworksBuildPhase section */
		58133E2424E8353C00B1A324 /* Frameworks */ = {
			isa = PBXFrameworksBuildPhase;
			buildActionMask = 2147483647;
			files = (
				4CEDCD97562F15544AE4652D /* Pods_MusicSearch.framework in Frameworks */,
			);
			runOnlyForDeploymentPostprocessing = 0;
		};
		58133E3A24E8354500B1A324 /* Frameworks */ = {
			isa = PBXFrameworksBuildPhase;
			buildActionMask = 2147483647;
			files = (
				0001D077CDA47F164ECC93F1 /* Pods_MusicSearchTests.framework in Frameworks */,
			);
			runOnlyForDeploymentPostprocessing = 0;
		};
		58133E4524E8354500B1A324 /* Frameworks */ = {
			isa = PBXFrameworksBuildPhase;
			buildActionMask = 2147483647;
			files = (
				79AD7DEC2D42040D2F21C4A1 /* Pods_MusicSearch_MusicSearchUITests.framework in Frameworks */,
			);
			runOnlyForDeploymentPostprocessing = 0;
		};
/* End PBXFrameworksBuildPhase section */

/* Begin PBXGroup section */
		1036A0EAE7971B4CD1F96691 /* Frameworks */ = {
			isa = PBXGroup;
			children = (
				A571B4AEB01D5508E47AB77E /* Pods_MusicSearch.framework */,
				642EE82629FABE16BF631583 /* Pods_MusicSearch_MusicSearchUITests.framework */,
				8A73C0D920AE6A53A5897EB6 /* Pods_MusicSearchTests.framework */,
			);
			name = Frameworks;
			sourceTree = "<group>";
		};
		580E586224E8BA680040826C /* Models */ = {
			isa = PBXGroup;
			children = (
				58714AF924EB302E00299BC4 /* Mocks */,
				580E586E24E9432A0040826C /* TopTrack.swift */,
				580E587024E944340040826C /* Attr.swift */,
			);
			path = Models;
			sourceTree = "<group>";
		};
		580E587324E96A8D0040826C /* Controllers */ = {
			isa = PBXGroup;
			children = (
				580E586C24E8E0800040826C /* MasterViewController.swift */,
				580E587E24E9CEEB0040826C /* TrackDetailsViewController.swift */,
			);
			path = Controllers;
			sourceTree = "<group>";
		};
		580E587424E96AB30040826C /* Views */ = {
			isa = PBXGroup;
			children = (
				580E587724E9740A0040826C /* TrackSearchCell.swift */,
			);
			path = Views;
			sourceTree = "<group>";
		};
		580E587924E97E9B0040826C /* ViewModels */ = {
			isa = PBXGroup;
			children = (
				580E587C24E9892F0040826C /* TrackSearchViewModel.swift */,
				580E587A24E97EF90040826C /* TrackSearchCellModel.swift */,
			);
			path = ViewModels;
			sourceTree = "<group>";
		};
		580E588224EA288F0040826C /* Helpers */ = {
			isa = PBXGroup;
			children = (
				580E588024EA159F0040826C /* Constants.swift */,
				580E588324EA28AA0040826C /* Utility.swift */,
			);
			path = Helpers;
			sourceTree = "<group>";
		};
		58133E1E24E8353C00B1A324 = {
			isa = PBXGroup;
			children = (
				58133E2924E8353C00B1A324 /* MusicSearch */,
				58133E4024E8354500B1A324 /* MusicSearchTests */,
				58133E4B24E8354500B1A324 /* MusicSearchUITests */,
				58133E2824E8353C00B1A324 /* Products */,
				70A9FFAA4D43994B8EFDC66A /* Pods */,
				1036A0EAE7971B4CD1F96691 /* Frameworks */,
			);
			sourceTree = "<group>";
		};
		58133E2824E8353C00B1A324 /* Products */ = {
			isa = PBXGroup;
			children = (
				58133E2724E8353C00B1A324 /* MusicSearch.app */,
				58133E3D24E8354500B1A324 /* MusicSearchTests.xctest */,
				58133E4824E8354500B1A324 /* MusicSearchUITests.xctest */,
			);
			name = Products;
			sourceTree = "<group>";
		};
		58133E2924E8353C00B1A324 /* MusicSearch */ = {
			isa = PBXGroup;
			children = (
				58714AF424EB1A1000299BC4 /* Extensions */,
				580E588224EA288F0040826C /* Helpers */,
				580E587924E97E9B0040826C /* ViewModels */,
				580E587424E96AB30040826C /* Views */,
				580E587324E96A8D0040826C /* Controllers */,
				580E586224E8BA680040826C /* Models */,
				58133E5A24E86EAF00B1A324 /* NetworkLayer */,
				58133E2A24E8353C00B1A324 /* AppDelegate.swift */,
				58133E2C24E8353C00B1A324 /* SceneDelegate.swift */,
				58133E3024E8353C00B1A324 /* Main.storyboard */,
				58133E3324E8354400B1A324 /* Assets.xcassets */,
				58133E3524E8354400B1A324 /* LaunchScreen.storyboard */,
				58133E3824E8354400B1A324 /* Info.plist */,
			);
			path = MusicSearch;
			sourceTree = "<group>";
		};
		58133E4024E8354500B1A324 /* MusicSearchTests */ = {
			isa = PBXGroup;
			children = (
				58133E4124E8354500B1A324 /* MusicSearchTests.swift */,
				58133E4324E8354500B1A324 /* Info.plist */,
			);
			path = MusicSearchTests;
			sourceTree = "<group>";
		};
		58133E4B24E8354500B1A324 /* MusicSearchUITests */ = {
			isa = PBXGroup;
			children = (
				58133E4C24E8354500B1A324 /* MusicSearchUITests.swift */,
				58133E4E24E8354500B1A324 /* Info.plist */,
			);
			path = MusicSearchUITests;
			sourceTree = "<group>";
		};
		58133E5A24E86EAF00B1A324 /* NetworkLayer */ = {
			isa = PBXGroup;
			children = (
				58133E5D24E87EF800B1A324 /* RequestEndPoint.swift */,
				58133E5B24E87EF800B1A324 /* RequestManager.swift */,
				58133E5C24E87EF800B1A324 /* RequestPerformer.swift */,
				580E586A24E8C8960040826C /* RequestBuilder.swift */,
				580E586724E8BF640040826C /* Configuration.swift */,
			);
			path = NetworkLayer;
			sourceTree = "<group>";
		};
		58714AF424EB1A1000299BC4 /* Extensions */ = {
			isa = PBXGroup;
			children = (
				58714AF724EB25CC00299BC4 /* TopTrack+Extensions.swift */,
			);
			path = Extensions;
			sourceTree = "<group>";
		};
		58714AF924EB302E00299BC4 /* Mocks */ = {
			isa = PBXGroup;
			children = (
				58714AFA24EB304400299BC4 /* TopTrackMock.swift */,
				58714AFC24EB30EC00299BC4 /* AttrMock.swift */,
			);
			path = Mocks;
			sourceTree = "<group>";
		};
		70A9FFAA4D43994B8EFDC66A /* Pods */ = {
			isa = PBXGroup;
			children = (
				62EB5D7C7DCFC129EC75100E /* Pods-MusicSearch.debug.xcconfig */,
				05E1F291A7A12CA7A91E26AB /* Pods-MusicSearch.release.xcconfig */,
				171D9DAB9DDEE348A4258E92 /* Pods-MusicSearch-MusicSearchUITests.debug.xcconfig */,
				C1BC8AD7E1C268EB081E7142 /* Pods-MusicSearch-MusicSearchUITests.release.xcconfig */,
				6CBAD89701C8BD4468F36C24 /* Pods-MusicSearchTests.debug.xcconfig */,
				87EE23F2F6D5886E278FBED7 /* Pods-MusicSearchTests.release.xcconfig */,
			);
			path = Pods;
			sourceTree = "<group>";
		};
/* End PBXGroup section */

/* Begin PBXNativeTarget section */
		58133E2624E8353C00B1A324 /* MusicSearch */ = {
			isa = PBXNativeTarget;
			buildConfigurationList = 58133E5124E8354500B1A324 /* Build configuration list for PBXNativeTarget "MusicSearch" */;
			buildPhases = (
				823052C646ADCB31C42E3094 /* [CP] Check Pods Manifest.lock */,
				58133E2324E8353C00B1A324 /* Sources */,
				58133E2424E8353C00B1A324 /* Frameworks */,
				58133E2524E8353C00B1A324 /* Resources */,
				3B0F7A3551A89C29AD60D495 /* [CP] Embed Pods Frameworks */,
			);
			buildRules = (
			);
			dependencies = (
			);
			name = MusicSearch;
			productName = MusicSearch;
			productReference = 58133E2724E8353C00B1A324 /* MusicSearch.app */;
			productType = "com.apple.product-type.application";
		};
		58133E3C24E8354500B1A324 /* MusicSearchTests */ = {
			isa = PBXNativeTarget;
			buildConfigurationList = 58133E5424E8354500B1A324 /* Build configuration list for PBXNativeTarget "MusicSearchTests" */;
			buildPhases = (
				8A0A11760DCA72CB480E7DDA /* [CP] Check Pods Manifest.lock */,
				58133E3924E8354500B1A324 /* Sources */,
				58133E3A24E8354500B1A324 /* Frameworks */,
				58133E3B24E8354500B1A324 /* Resources */,
			);
			buildRules = (
			);
			dependencies = (
				58133E3F24E8354500B1A324 /* PBXTargetDependency */,
			);
			name = MusicSearchTests;
			productName = MusicSearchTests;
			productReference = 58133E3D24E8354500B1A324 /* MusicSearchTests.xctest */;
			productType = "com.apple.product-type.bundle.unit-test";
		};
		58133E4724E8354500B1A324 /* MusicSearchUITests */ = {
			isa = PBXNativeTarget;
			buildConfigurationList = 58133E5724E8354500B1A324 /* Build configuration list for PBXNativeTarget "MusicSearchUITests" */;
			buildPhases = (
				E8E0F403DD4FDD079FBF384A /* [CP] Check Pods Manifest.lock */,
				58133E4424E8354500B1A324 /* Sources */,
				58133E4524E8354500B1A324 /* Frameworks */,
				58133E4624E8354500B1A324 /* Resources */,
				04E6BBD508E6F41B164A83C9 /* [CP] Embed Pods Frameworks */,
			);
			buildRules = (
			);
			dependencies = (
				58133E4A24E8354500B1A324 /* PBXTargetDependency */,
			);
			name = MusicSearchUITests;
			productName = MusicSearchUITests;
			productReference = 58133E4824E8354500B1A324 /* MusicSearchUITests.xctest */;
			productType = "com.apple.product-type.bundle.ui-testing";
		};
/* End PBXNativeTarget section */

/* Begin PBXProject section */
		58133E1F24E8353C00B1A324 /* Project object */ = {
			isa = PBXProject;
			attributes = {
				LastSwiftUpdateCheck = 1160;
				LastUpgradeCheck = 1160;
				ORGANIZATIONNAME = Avinash;
				TargetAttributes = {
					58133E2624E8353C00B1A324 = {
						CreatedOnToolsVersion = 11.6;
					};
					58133E3C24E8354500B1A324 = {
						CreatedOnToolsVersion = 11.6;
						TestTargetID = 58133E2624E8353C00B1A324;
					};
					58133E4724E8354500B1A324 = {
						CreatedOnToolsVersion = 11.6;
						TestTargetID = 58133E2624E8353C00B1A324;
					};
				};
			};
			buildConfigurationList = 58133E2224E8353C00B1A324 /* Build configuration list for PBXProject "MusicSearch" */;
			compatibilityVersion = "Xcode 9.3";
			developmentRegion = en;
			hasScannedForEncodings = 0;
			knownRegions = (
				en,
				Base,
			);
			mainGroup = 58133E1E24E8353C00B1A324;
			productRefGroup = 58133E2824E8353C00B1A324 /* Products */;
			projectDirPath = "";
			projectRoot = "";
			targets = (
				58133E2624E8353C00B1A324 /* MusicSearch */,
				58133E3C24E8354500B1A324 /* MusicSearchTests */,
				58133E4724E8354500B1A324 /* MusicSearchUITests */,
			);
		};
/* End PBXProject section */

/* Begin PBXResourcesBuildPhase section */
		58133E2524E8353C00B1A324 /* Resources */ = {
			isa = PBXResourcesBuildPhase;
			buildActionMask = 2147483647;
			files = (
				58133E3724E8354400B1A324 /* LaunchScreen.storyboard in Resources */,
				58133E3424E8354400B1A324 /* Assets.xcassets in Resources */,
				58133E3224E8353C00B1A324 /* Main.storyboard in Resources */,
			);
			runOnlyForDeploymentPostprocessing = 0;
		};
		58133E3B24E8354500B1A324 /* Resources */ = {
			isa = PBXResourcesBuildPhase;
			buildActionMask = 2147483647;
			files = (
			);
			runOnlyForDeploymentPostprocessing = 0;
		};
		58133E4624E8354500B1A324 /* Resources */ = {
			isa = PBXResourcesBuildPhase;
			buildActionMask = 2147483647;
			files = (
			);
			runOnlyForDeploymentPostprocessing = 0;
		};
/* End PBXResourcesBuildPhase section */

/* Begin PBXShellScriptBuildPhase section */
		04E6BBD508E6F41B164A83C9 /* [CP] Embed Pods Frameworks */ = {
			isa = PBXShellScriptBuildPhase;
			buildActionMask = 2147483647;
			files = (
			);
			inputFileListPaths = (
				"${PODS_ROOT}/Target Support Files/Pods-MusicSearch-MusicSearchUITests/Pods-MusicSearch-MusicSearchUITests-frameworks-${CONFIGURATION}-input-files.xcfilelist",
			);
			name = "[CP] Embed Pods Frameworks";
			outputFileListPaths = (
				"${PODS_ROOT}/Target Support Files/Pods-MusicSearch-MusicSearchUITests/Pods-MusicSearch-MusicSearchUITests-frameworks-${CONFIGURATION}-output-files.xcfilelist",
			);
			runOnlyForDeploymentPostprocessing = 0;
			shellPath = /bin/sh;
			shellScript = "\"${PODS_ROOT}/Target Support Files/Pods-MusicSearch-MusicSearchUITests/Pods-MusicSearch-MusicSearchUITests-frameworks.sh\"\n";
			showEnvVarsInLog = 0;
		};
		3B0F7A3551A89C29AD60D495 /* [CP] Embed Pods Frameworks */ = {
			isa = PBXShellScriptBuildPhase;
			buildActionMask = 2147483647;
			files = (
			);
			inputFileListPaths = (
				"${PODS_ROOT}/Target Support Files/Pods-MusicSearch/Pods-MusicSearch-frameworks-${CONFIGURATION}-input-files.xcfilelist",
			);
			name = "[CP] Embed Pods Frameworks";
			outputFileListPaths = (
				"${PODS_ROOT}/Target Support Files/Pods-MusicSearch/Pods-MusicSearch-frameworks-${CONFIGURATION}-output-files.xcfilelist",
			);
			runOnlyForDeploymentPostprocessing = 0;
			shellPath = /bin/sh;
			shellScript = "\"${PODS_ROOT}/Target Support Files/Pods-MusicSearch/Pods-MusicSearch-frameworks.sh\"\n";
			showEnvVarsInLog = 0;
		};
		823052C646ADCB31C42E3094 /* [CP] Check Pods Manifest.lock */ = {
			isa = PBXShellScriptBuildPhase;
			buildActionMask = 2147483647;
			files = (
			);
			inputFileListPaths = (
			);
			inputPaths = (
				"${PODS_PODFILE_DIR_PATH}/Podfile.lock",
				"${PODS_ROOT}/Manifest.lock",
			);
			name = "[CP] Check Pods Manifest.lock";
			outputFileListPaths = (
			);
			outputPaths = (
				"$(DERIVED_FILE_DIR)/Pods-MusicSearch-checkManifestLockResult.txt",
			);
			runOnlyForDeploymentPostprocessing = 0;
			shellPath = /bin/sh;
			shellScript = "diff \"${PODS_PODFILE_DIR_PATH}/Podfile.lock\" \"${PODS_ROOT}/Manifest.lock\" > /dev/null\nif [ $? != 0 ] ; then\n    # print error to STDERR\n    echo \"error: The sandbox is not in sync with the Podfile.lock. Run 'pod install' or update your CocoaPods installation.\" >&2\n    exit 1\nfi\n# This output is used by Xcode 'outputs' to avoid re-running this script phase.\necho \"SUCCESS\" > \"${SCRIPT_OUTPUT_FILE_0}\"\n";
			showEnvVarsInLog = 0;
		};
		8A0A11760DCA72CB480E7DDA /* [CP] Check Pods Manifest.lock */ = {
			isa = PBXShellScriptBuildPhase;
			buildActionMask = 2147483647;
			files = (
			);
			inputFileListPaths = (
			);
			inputPaths = (
				"${PODS_PODFILE_DIR_PATH}/Podfile.lock",
				"${PODS_ROOT}/Manifest.lock",
			);
			name = "[CP] Check Pods Manifest.lock";
			outputFileListPaths = (
			);
			outputPaths = (
				"$(DERIVED_FILE_DIR)/Pods-MusicSearchTests-checkManifestLockResult.txt",
			);
			runOnlyForDeploymentPostprocessing = 0;
			shellPath = /bin/sh;
			shellScript = "diff \"${PODS_PODFILE_DIR_PATH}/Podfile.lock\" \"${PODS_ROOT}/Manifest.lock\" > /dev/null\nif [ $? != 0 ] ; then\n    # print error to STDERR\n    echo \"error: The sandbox is not in sync with the Podfile.lock. Run 'pod install' or update your CocoaPods installation.\" >&2\n    exit 1\nfi\n# This output is used by Xcode 'outputs' to avoid re-running this script phase.\necho \"SUCCESS\" > \"${SCRIPT_OUTPUT_FILE_0}\"\n";
			showEnvVarsInLog = 0;
		};
		E8E0F403DD4FDD079FBF384A /* [CP] Check Pods Manifest.lock */ = {
			isa = PBXShellScriptBuildPhase;
			buildActionMask = 2147483647;
			files = (
			);
			inputFileListPaths = (
			);
			inputPaths = (
				"${PODS_PODFILE_DIR_PATH}/Podfile.lock",
				"${PODS_ROOT}/Manifest.lock",
			);
			name = "[CP] Check Pods Manifest.lock";
			outputFileListPaths = (
			);
			outputPaths = (
				"$(DERIVED_FILE_DIR)/Pods-MusicSearch-MusicSearchUITests-checkManifestLockResult.txt",
			);
			runOnlyForDeploymentPostprocessing = 0;
			shellPath = /bin/sh;
			shellScript = "diff \"${PODS_PODFILE_DIR_PATH}/Podfile.lock\" \"${PODS_ROOT}/Manifest.lock\" > /dev/null\nif [ $? != 0 ] ; then\n    # print error to STDERR\n    echo \"error: The sandbox is not in sync with the Podfile.lock. Run 'pod install' or update your CocoaPods installation.\" >&2\n    exit 1\nfi\n# This output is used by Xcode 'outputs' to avoid re-running this script phase.\necho \"SUCCESS\" > \"${SCRIPT_OUTPUT_FILE_0}\"\n";
			showEnvVarsInLog = 0;
		};
/* End PBXShellScriptBuildPhase section */

/* Begin PBXSourcesBuildPhase section */
		58133E2324E8353C00B1A324 /* Sources */ = {
			isa = PBXSourcesBuildPhase;
			buildActionMask = 2147483647;
			files = (
				580E587D24E9892F0040826C /* TrackSearchViewModel.swift in Sources */,
				58714AF824EB25CC00299BC4 /* TopTrack+Extensions.swift in Sources */,
				580E587124E944340040826C /* Attr.swift in Sources */,
				580E587B24E97EF90040826C /* TrackSearchCellModel.swift in Sources */,
				580E586D24E8E0800040826C /* MasterViewController.swift in Sources */,
				58133E5F24E87EF800B1A324 /* RequestPerformer.swift in Sources */,
				580E586F24E9432A0040826C /* TopTrack.swift in Sources */,
				580E588124EA15A00040826C /* Constants.swift in Sources */,
				580E587F24E9CEEB0040826C /* TrackDetailsViewController.swift in Sources */,
				580E588424EA28AA0040826C /* Utility.swift in Sources */,
				58714AFE24EB3B2300299BC4 /* TopTrackMock.swift in Sources */,
				58133E6024E87EF800B1A324 /* RequestEndPoint.swift in Sources */,
				580E586824E8BF640040826C /* Configuration.swift in Sources */,
				580E586B24E8C8960040826C /* RequestBuilder.swift in Sources */,
				58133E5E24E87EF800B1A324 /* RequestManager.swift in Sources */,
				58133E2B24E8353C00B1A324 /* AppDelegate.swift in Sources */,
				58133E2D24E8353C00B1A324 /* SceneDelegate.swift in Sources */,
				58714AFF24EB3B2800299BC4 /* AttrMock.swift in Sources */,
				580E587824E9740A0040826C /* TrackSearchCell.swift in Sources */,
			);
			runOnlyForDeploymentPostprocessing = 0;
		};
		58133E3924E8354500B1A324 /* Sources */ = {
			isa = PBXSourcesBuildPhase;
			buildActionMask = 2147483647;
			files = (
				58133E4224E8354500B1A324 /* MusicSearchTests.swift in Sources */,
			);
			runOnlyForDeploymentPostprocessing = 0;
		};
		58133E4424E8354500B1A324 /* Sources */ = {
			isa = PBXSourcesBuildPhase;
			buildActionMask = 2147483647;
			files = (
				58133E4D24E8354500B1A324 /* MusicSearchUITests.swift in Sources */,
			);
			runOnlyForDeploymentPostprocessing = 0;
		};
/* End PBXSourcesBuildPhase section */

/* Begin PBXTargetDependency section */
		58133E3F24E8354500B1A324 /* PBXTargetDependency */ = {
			isa = PBXTargetDependency;
			target = 58133E2624E8353C00B1A324 /* MusicSearch */;
			targetProxy = 58133E3E24E8354500B1A324 /* PBXContainerItemProxy */;
		};
		58133E4A24E8354500B1A324 /* PBXTargetDependency */ = {
			isa = PBXTargetDependency;
			target = 58133E2624E8353C00B1A324 /* MusicSearch */;
			targetProxy = 58133E4924E8354500B1A324 /* PBXContainerItemProxy */;
		};
/* End PBXTargetDependency section */

/* Begin PBXVariantGroup section */
		58133E3024E8353C00B1A324 /* Main.storyboard */ = {
			isa = PBXVariantGroup;
			children = (
				58133E3124E8353C00B1A324 /* Base */,
			);
			name = Main.storyboard;
			sourceTree = "<group>";
		};
		58133E3524E8354400B1A324 /* LaunchScreen.storyboard */ = {
			isa = PBXVariantGroup;
			children = (
				58133E3624E8354400B1A324 /* Base */,
			);
			name = LaunchScreen.storyboard;
			sourceTree = "<group>";
		};
/* End PBXVariantGroup section */

/* Begin XCBuildConfiguration section */
		58133E4F24E8354500B1A324 /* Debug */ = {
			isa = XCBuildConfiguration;
			buildSettings = {
				ALWAYS_SEARCH_USER_PATHS = NO;
				CLANG_ANALYZER_NONNULL = YES;
				CLANG_ANALYZER_NUMBER_OBJECT_CONVERSION = YES_AGGRESSIVE;
				CLANG_CXX_LANGUAGE_STANDARD = "gnu++14";
				CLANG_CXX_LIBRARY = "libc++";
				CLANG_ENABLE_MODULES = YES;
				CLANG_ENABLE_OBJC_ARC = YES;
				CLANG_ENABLE_OBJC_WEAK = YES;
				CLANG_WARN_BLOCK_CAPTURE_AUTORELEASING = YES;
				CLANG_WARN_BOOL_CONVERSION = YES;
				CLANG_WARN_COMMA = YES;
				CLANG_WARN_CONSTANT_CONVERSION = YES;
				CLANG_WARN_DEPRECATED_OBJC_IMPLEMENTATIONS = YES;
				CLANG_WARN_DIRECT_OBJC_ISA_USAGE = YES_ERROR;
				CLANG_WARN_DOCUMENTATION_COMMENTS = YES;
				CLANG_WARN_EMPTY_BODY = YES;
				CLANG_WARN_ENUM_CONVERSION = YES;
				CLANG_WARN_INFINITE_RECURSION = YES;
				CLANG_WARN_INT_CONVERSION = YES;
				CLANG_WARN_NON_LITERAL_NULL_CONVERSION = YES;
				CLANG_WARN_OBJC_IMPLICIT_RETAIN_SELF = YES;
				CLANG_WARN_OBJC_LITERAL_CONVERSION = YES;
				CLANG_WARN_OBJC_ROOT_CLASS = YES_ERROR;
				CLANG_WARN_RANGE_LOOP_ANALYSIS = YES;
				CLANG_WARN_STRICT_PROTOTYPES = YES;
				CLANG_WARN_SUSPICIOUS_MOVE = YES;
				CLANG_WARN_UNGUARDED_AVAILABILITY = YES_AGGRESSIVE;
				CLANG_WARN_UNREACHABLE_CODE = YES;
				CLANG_WARN__DUPLICATE_METHOD_MATCH = YES;
				COPY_PHASE_STRIP = NO;
				DEBUG_INFORMATION_FORMAT = dwarf;
				ENABLE_STRICT_OBJC_MSGSEND = YES;
				ENABLE_TESTABILITY = YES;
				GCC_C_LANGUAGE_STANDARD = gnu11;
				GCC_DYNAMIC_NO_PIC = NO;
				GCC_NO_COMMON_BLOCKS = YES;
				GCC_OPTIMIZATION_LEVEL = 0;
				GCC_PREPROCESSOR_DEFINITIONS = (
					"DEBUG=1",
					"$(inherited)",
				);
				GCC_WARN_64_TO_32_BIT_CONVERSION = YES;
				GCC_WARN_ABOUT_RETURN_TYPE = YES_ERROR;
				GCC_WARN_UNDECLARED_SELECTOR = YES;
				GCC_WARN_UNINITIALIZED_AUTOS = YES_AGGRESSIVE;
				GCC_WARN_UNUSED_FUNCTION = YES;
				GCC_WARN_UNUSED_VARIABLE = YES;
				IPHONEOS_DEPLOYMENT_TARGET = 13.6;
				MTL_ENABLE_DEBUG_INFO = INCLUDE_SOURCE;
				MTL_FAST_MATH = YES;
				ONLY_ACTIVE_ARCH = YES;
				SDKROOT = iphoneos;
				SWIFT_ACTIVE_COMPILATION_CONDITIONS = DEBUG;
				SWIFT_OPTIMIZATION_LEVEL = "-Onone";
			};
			name = Debug;
		};
		58133E5024E8354500B1A324 /* Release */ = {
			isa = XCBuildConfiguration;
			buildSettings = {
				ALWAYS_SEARCH_USER_PATHS = NO;
				CLANG_ANALYZER_NONNULL = YES;
				CLANG_ANALYZER_NUMBER_OBJECT_CONVERSION = YES_AGGRESSIVE;
				CLANG_CXX_LANGUAGE_STANDARD = "gnu++14";
				CLANG_CXX_LIBRARY = "libc++";
				CLANG_ENABLE_MODULES = YES;
				CLANG_ENABLE_OBJC_ARC = YES;
				CLANG_ENABLE_OBJC_WEAK = YES;
				CLANG_WARN_BLOCK_CAPTURE_AUTORELEASING = YES;
				CLANG_WARN_BOOL_CONVERSION = YES;
				CLANG_WARN_COMMA = YES;
				CLANG_WARN_CONSTANT_CONVERSION = YES;
				CLANG_WARN_DEPRECATED_OBJC_IMPLEMENTATIONS = YES;
				CLANG_WARN_DIRECT_OBJC_ISA_USAGE = YES_ERROR;
				CLANG_WARN_DOCUMENTATION_COMMENTS = YES;
				CLANG_WARN_EMPTY_BODY = YES;
				CLANG_WARN_ENUM_CONVERSION = YES;
				CLANG_WARN_INFINITE_RECURSION = YES;
				CLANG_WARN_INT_CONVERSION = YES;
				CLANG_WARN_NON_LITERAL_NULL_CONVERSION = YES;
				CLANG_WARN_OBJC_IMPLICIT_RETAIN_SELF = YES;
				CLANG_WARN_OBJC_LITERAL_CONVERSION = YES;
				CLANG_WARN_OBJC_ROOT_CLASS = YES_ERROR;
				CLANG_WARN_RANGE_LOOP_ANALYSIS = YES;
				CLANG_WARN_STRICT_PROTOTYPES = YES;
				CLANG_WARN_SUSPICIOUS_MOVE = YES;
				CLANG_WARN_UNGUARDED_AVAILABILITY = YES_AGGRESSIVE;
				CLANG_WARN_UNREACHABLE_CODE = YES;
				CLANG_WARN__DUPLICATE_METHOD_MATCH = YES;
				COPY_PHASE_STRIP = NO;
				DEBUG_INFORMATION_FORMAT = "dwarf-with-dsym";
				ENABLE_NS_ASSERTIONS = NO;
				ENABLE_STRICT_OBJC_MSGSEND = YES;
				GCC_C_LANGUAGE_STANDARD = gnu11;
				GCC_NO_COMMON_BLOCKS = YES;
				GCC_WARN_64_TO_32_BIT_CONVERSION = YES;
				GCC_WARN_ABOUT_RETURN_TYPE = YES_ERROR;
				GCC_WARN_UNDECLARED_SELECTOR = YES;
				GCC_WARN_UNINITIALIZED_AUTOS = YES_AGGRESSIVE;
				GCC_WARN_UNUSED_FUNCTION = YES;
				GCC_WARN_UNUSED_VARIABLE = YES;
				IPHONEOS_DEPLOYMENT_TARGET = 13.6;
				MTL_ENABLE_DEBUG_INFO = NO;
				MTL_FAST_MATH = YES;
				SDKROOT = iphoneos;
				SWIFT_COMPILATION_MODE = wholemodule;
				SWIFT_OPTIMIZATION_LEVEL = "-O";
				VALIDATE_PRODUCT = YES;
			};
			name = Release;
		};
		58133E5224E8354500B1A324 /* Debug */ = {
			isa = XCBuildConfiguration;
			baseConfigurationReference = 62EB5D7C7DCFC129EC75100E /* Pods-MusicSearch.debug.xcconfig */;
			buildSettings = {
				ASSETCATALOG_COMPILER_APPICON_NAME = AppIcon;
				CODE_SIGN_STYLE = Automatic;
				INFOPLIST_FILE = MusicSearch/Info.plist;
				IPHONEOS_DEPLOYMENT_TARGET = 13.0;
				LD_RUNPATH_SEARCH_PATHS = (
					"$(inherited)",
					"@executable_path/Frameworks",
				);
				PRODUCT_BUNDLE_IDENTIFIER = Avinash.MusicSearch;
				PRODUCT_NAME = "$(TARGET_NAME)";
				SWIFT_VERSION = 5.0;
				TARGETED_DEVICE_FAMILY = "1,2";
			};
			name = Debug;
		};
		58133E5324E8354500B1A324 /* Release */ = {
			isa = XCBuildConfiguration;
			baseConfigurationReference = 05E1F291A7A12CA7A91E26AB /* Pods-MusicSearch.release.xcconfig */;
			buildSettings = {
				ASSETCATALOG_COMPILER_APPICON_NAME = AppIcon;
				CODE_SIGN_STYLE = Automatic;
				INFOPLIST_FILE = MusicSearch/Info.plist;
				IPHONEOS_DEPLOYMENT_TARGET = 13.0;
				LD_RUNPATH_SEARCH_PATHS = (
					"$(inherited)",
					"@executable_path/Frameworks",
				);
				PRODUCT_BUNDLE_IDENTIFIER = Avinash.MusicSearch;
				PRODUCT_NAME = "$(TARGET_NAME)";
				SWIFT_VERSION = 5.0;
				TARGETED_DEVICE_FAMILY = "1,2";
			};
			name = Release;
		};
		58133E5524E8354500B1A324 /* Debug */ = {
			isa = XCBuildConfiguration;
			baseConfigurationReference = 6CBAD89701C8BD4468F36C24 /* Pods-MusicSearchTests.debug.xcconfig */;
			buildSettings = {
				ALWAYS_EMBED_SWIFT_STANDARD_LIBRARIES = YES;
				BUNDLE_LOADER = "$(TEST_HOST)";
				CODE_SIGN_STYLE = Automatic;
				INFOPLIST_FILE = MusicSearchTests/Info.plist;
				IPHONEOS_DEPLOYMENT_TARGET = 13.6;
				LD_RUNPATH_SEARCH_PATHS = (
					"$(inherited)",
					"@executable_path/Frameworks",
					"@loader_path/Frameworks",
				);
				PRODUCT_BUNDLE_IDENTIFIER = Avinash.MusicSearchTests;
				PRODUCT_NAME = "$(TARGET_NAME)";
				SWIFT_VERSION = 5.0;
				TARGETED_DEVICE_FAMILY = "1,2";
				TEST_HOST = "$(BUILT_PRODUCTS_DIR)/MusicSearch.app/MusicSearch";
			};
			name = Debug;
		};
		58133E5624E8354500B1A324 /* Release */ = {
			isa = XCBuildConfiguration;
			baseConfigurationReference = 87EE23F2F6D5886E278FBED7 /* Pods-MusicSearchTests.release.xcconfig */;
			buildSettings = {
				ALWAYS_EMBED_SWIFT_STANDARD_LIBRARIES = YES;
				BUNDLE_LOADER = "$(TEST_HOST)";
				CODE_SIGN_STYLE = Automatic;
				INFOPLIST_FILE = MusicSearchTests/Info.plist;
				IPHONEOS_DEPLOYMENT_TARGET = 13.6;
				LD_RUNPATH_SEARCH_PATHS = (
					"$(inherited)",
					"@executable_path/Frameworks",
					"@loader_path/Frameworks",
				);
				PRODUCT_BUNDLE_IDENTIFIER = Avinash.MusicSearchTests;
				PRODUCT_NAME = "$(TARGET_NAME)";
				SWIFT_VERSION = 5.0;
				TARGETED_DEVICE_FAMILY = "1,2";
				TEST_HOST = "$(BUILT_PRODUCTS_DIR)/MusicSearch.app/MusicSearch";
			};
			name = Release;
		};
		58133E5824E8354500B1A324 /* Debug */ = {
			isa = XCBuildConfiguration;
			baseConfigurationReference = 171D9DAB9DDEE348A4258E92 /* Pods-MusicSearch-MusicSearchUITests.debug.xcconfig */;
			buildSettings = {
				ALWAYS_EMBED_SWIFT_STANDARD_LIBRARIES = YES;
				CODE_SIGN_STYLE = Automatic;
				INFOPLIST_FILE = MusicSearchUITests/Info.plist;
				LD_RUNPATH_SEARCH_PATHS = (
					"$(inherited)",
					"@executable_path/Frameworks",
					"@loader_path/Frameworks",
				);
				PRODUCT_BUNDLE_IDENTIFIER = Avinash.MusicSearchUITests;
				PRODUCT_NAME = "$(TARGET_NAME)";
				SWIFT_VERSION = 5.0;
				TARGETED_DEVICE_FAMILY = "1,2";
				TEST_TARGET_NAME = MusicSearch;
			};
			name = Debug;
		};
		58133E5924E8354500B1A324 /* Release */ = {
			isa = XCBuildConfiguration;
			baseConfigurationReference = C1BC8AD7E1C268EB081E7142 /* Pods-MusicSearch-MusicSearchUITests.release.xcconfig */;
			buildSettings = {
				ALWAYS_EMBED_SWIFT_STANDARD_LIBRARIES = YES;
				CODE_SIGN_STYLE = Automatic;
				INFOPLIST_FILE = MusicSearchUITests/Info.plist;
				LD_RUNPATH_SEARCH_PATHS = (
					"$(inherited)",
					"@executable_path/Frameworks",
					"@loader_path/Frameworks",
				);
				PRODUCT_BUNDLE_IDENTIFIER = Avinash.MusicSearchUITests;
				PRODUCT_NAME = "$(TARGET_NAME)";
				SWIFT_VERSION = 5.0;
				TARGETED_DEVICE_FAMILY = "1,2";
				TEST_TARGET_NAME = MusicSearch;
			};
			name = Release;
		};
/* End XCBuildConfiguration section */

/* Begin XCConfigurationList section */
		58133E2224E8353C00B1A324 /* Build configuration list for PBXProject "MusicSearch" */ = {
			isa = XCConfigurationList;
			buildConfigurations = (
				58133E4F24E8354500B1A324 /* Debug */,
				58133E5024E8354500B1A324 /* Release */,
			);
			defaultConfigurationIsVisible = 0;
			defaultConfigurationName = Release;
		};
		58133E5124E8354500B1A324 /* Build configuration list for PBXNativeTarget "MusicSearch" */ = {
			isa = XCConfigurationList;
			buildConfigurations = (
				58133E5224E8354500B1A324 /* Debug */,
				58133E5324E8354500B1A324 /* Release */,
			);
			defaultConfigurationIsVisible = 0;
			defaultConfigurationName = Release;
		};
		58133E5424E8354500B1A324 /* Build configuration list for PBXNativeTarget "MusicSearchTests" */ = {
			isa = XCConfigurationList;
			buildConfigurations = (
				58133E5524E8354500B1A324 /* Debug */,
				58133E5624E8354500B1A324 /* Release */,
			);
			defaultConfigurationIsVisible = 0;
			defaultConfigurationName = Release;
		};
		58133E5724E8354500B1A324 /* Build configuration list for PBXNativeTarget "MusicSearchUITests" */ = {
			isa = XCConfigurationList;
			buildConfigurations = (
				58133E5824E8354500B1A324 /* Debug */,
				58133E5924E8354500B1A324 /* Release */,
			);
			defaultConfigurationIsVisible = 0;
			defaultConfigurationName = Release;
		};
/* End XCConfigurationList section */
	};
	rootObject = 58133E1F24E8353C00B1A324 /* Project object */;
}
